
Microsoft Visual Studio Solution File, Format Version 12.00
# Visual Studio Version 17
VisualStudioVersion = 17.4.33103.184
MinimumVisualStudioVersion = 10.0.40219.1
Project("{FAE04EC0-301F-11D3-BF4B-00C04F79EFBC}") = "VIM_WEBAPI", "VIM_WEBAPI\VIM_WEBAPI.csproj", "{04745518-B284-4948-8059-3E9D466C8FE4}"
EndProject
Global
	GlobalSection(SolutionConfigurationPlatforms) = preSolution
		Debug|Any CPU = Debug|Any CPU
		Release|Any CPU = Release|Any CPU
	EndGlobalSection
	GlobalSection(ProjectConfigurationPlatforms) = postSolution
		{04745518-B284-4948-8059-3E9D466C8FE4}.Debug|Any CPU.ActiveCfg = Debug|Any CPU
		{04745518-B284-4948-8059-3E9D466C8FE4}.Debug|Any CPU.Build.0 = Debug|Any CPU
		{04745518-B284-4948-8059-3E9D466C8FE4}.Release|Any CPU.ActiveCfg = Release|Any CPU
		{04745518-B284-4948-8059-3E9D466C8FE4}.Release|Any CPU.Build.0 = Release|Any CPU
	EndGlobalSection
	GlobalSection(SolutionProperties) = preSolution
		HideSolutionNode = FALSE
	EndGlobalSection
	GlobalSection(ExtensibilityGlobals) = postSolution
		SolutionGuid = {7EB01C19-D257-4459-8AF1-DE8D35523D9F}
	EndGlobalSection
EndGlobal
